
Microsoft Visual Studio Solution File, Format Version 12.00
# Visual Studio 15
VisualStudioVersion = 15.0.28307.136
MinimumVisualStudioVersion = 10.0.40219.1
Project("{FAE04EC0-301F-11D3-BF4B-00C04F79EFBC}") = "PickingList", "PickingList\PickingList.csproj", "{076C56B3-64E1-43CC-9FA6-20716526C18C}"
EndProject
Global
	GlobalSection(SolutionConfigurationPlatforms) = preSolution
		Debug|Any CPU = Debug|Any CPU
		Release|Any CPU = Release|Any CPU
	EndGlobalSection
	GlobalSection(ProjectConfigurationPlatforms) = postSolution
		{076C56B3-64E1-43CC-9FA6-20716526C18C}.Debug|Any CPU.ActiveCfg = Debug|Any CPU
		{076C56B3-64E1-43CC-9FA6-20716526C18C}.Debug|Any CPU.Build.0 = Debug|Any CPU
		{076C56B3-64E1-43CC-9FA6-20716526C18C}.Release|Any CPU.ActiveCfg = Release|Any CPU
		{076C56B3-64E1-43CC-9FA6-20716526C18C}.Release|Any CPU.Build.0 = Release|Any CPU
	EndGlobalSection
	GlobalSection(SolutionProperties) = preSolution
		HideSolutionNode = FALSE
	EndGlobalSection
	GlobalSection(ExtensibilityGlobals) = postSolution
		SolutionGuid = {17AC1C41-E767-4812-B3BF-F9394B27DD85}
	EndGlobalSection
EndGlobal
